
Microsoft Visual Studio Solution File, Format Version 12.00
# Visual Studio Version 17
VisualStudioVersion = 17.13.35828.75
MinimumVisualStudioVersion = 10.0.40219.1
Project("{FAE04EC0-301F-11D3-BF4B-00C04F79EFBC}") = "DesignPattern", "DesignPattern.csproj", "{C543E859-AA0D-4332-9E4C-94CB60D7033C}"
EndProject
Project("{FAE04EC0-301F-11D3-BF4B-00C04F79EFBC}") = "Tests", "Tests\Tests.csproj", "{473EE58C-2C3E-4999-8C3A-21E9EACAD7FF}"
EndProject
Global
	GlobalSection(SolutionConfigurationPlatforms) = preSolution
		Debug|Any CPU = Debug|Any CPU
		Release|Any CPU = Release|Any CPU
	EndGlobalSection
	GlobalSection(ProjectConfigurationPlatforms) = postSolution
		{C543E859-AA0D-4332-9E4C-94CB60D7033C}.Debug|Any CPU.ActiveCfg = Debug|Any CPU
		{C543E859-AA0D-4332-9E4C-94CB60D7033C}.Debug|Any CPU.Build.0 = Debug|Any CPU
		{C543E859-AA0D-4332-9E4C-94CB60D7033C}.Release|Any CPU.ActiveCfg = Release|Any CPU
		{C543E859-AA0D-4332-9E4C-94CB60D7033C}.Release|Any CPU.Build.0 = Release|Any CPU
		{473EE58C-2C3E-4999-8C3A-21E9EACAD7FF}.Debug|Any CPU.ActiveCfg = Debug|Any CPU
		{473EE58C-2C3E-4999-8C3A-21E9EACAD7FF}.Debug|Any CPU.Build.0 = Debug|Any CPU
		{473EE58C-2C3E-4999-8C3A-21E9EACAD7FF}.Release|Any CPU.ActiveCfg = Release|Any CPU
		{473EE58C-2C3E-4999-8C3A-21E9EACAD7FF}.Release|Any CPU.Build.0 = Release|Any CPU
	EndGlobalSection
	GlobalSection(SolutionProperties) = preSolution
		HideSolutionNode = FALSE
	EndGlobalSection
	GlobalSection(ExtensibilityGlobals) = postSolution
		SolutionGuid = {32ED1C41-5E47-4BDF-81E8-6A1E1C6C7CD4}
	EndGlobalSection
EndGlobal
